
Microsoft Visual Studio Solution File, Format Version 12.00
# Visual Studio Version 17
VisualStudioVersion = 17.14.36221.1 d17.14
MinimumVisualStudioVersion = 10.0.40219.1
Project("{FAE04EC0-301F-11D3-BF4B-00C04F79EFBC}") = "OnlineTicket", "OnlineTicket\OnlineTicket.csproj", "{C032DB1B-B7B3-413D-A348-52897BA6DBA2}"
EndProject
Global
	GlobalSection(SolutionConfigurationPlatforms) = preSolution
		Debug|Any CPU = Debug|Any CPU
		Release|Any CPU = Release|Any CPU
	EndGlobalSection
	GlobalSection(ProjectConfigurationPlatforms) = postSolution
		{C032DB1B-B7B3-413D-A348-52897BA6DBA2}.Debug|Any CPU.ActiveCfg = Debug|Any CPU
		{C032DB1B-B7B3-413D-A348-52897BA6DBA2}.Debug|Any CPU.Build.0 = Debug|Any CPU
		{C032DB1B-B7B3-413D-A348-52897BA6DBA2}.Release|Any CPU.ActiveCfg = Release|Any CPU
		{C032DB1B-B7B3-413D-A348-52897BA6DBA2}.Release|Any CPU.Build.0 = Release|Any CPU
	EndGlobalSection
	GlobalSection(SolutionProperties) = preSolution
		HideSolutionNode = FALSE
	EndGlobalSection
	GlobalSection(ExtensibilityGlobals) = postSolution
		SolutionGuid = {1176C698-AACC-466A-899D-30EC7A0A0F85}
	EndGlobalSection
EndGlobal
