
Microsoft Visual Studio Solution File, Format Version 12.00
# Visual Studio Version 17
VisualStudioVersion = 17.14.36203.30
MinimumVisualStudioVersion = 10.0.40219.1
Project("{FAE04EC0-301F-11D3-BF4B-00C04F79EFBC}") = "ClassBasics", "ClassBasics\ClassBasics.csproj", "{71DF0963-787B-460C-8F05-1A3814CD7405}"
EndProject
Project("{FAE04EC0-301F-11D3-BF4B-00C04F79EFBC}") = "ConstructorAndDestructor", "ConstructorAndDestructor\ConstructorAndDestructor.csproj", "{0C8D6692-F635-4704-9916-33FD1E59BC5B}"
EndProject
Project("{FAE04EC0-301F-11D3-BF4B-00C04F79EFBC}") = "FeildsAndProperties", "FeildsAndProperties\FeildsAndProperties.csproj", "{F896FF9E-5545-44CB-8CBE-698DCDEC6007}"
EndProject
Project("{FAE04EC0-301F-11D3-BF4B-00C04F79EFBC}") = "StaticMembers", "StaticMembers\StaticMembers.csproj", "{4F9E3BD8-F7F3-4B51-BD41-87A4BC15A462}"
EndProject
Project("{FAE04EC0-301F-11D3-BF4B-00C04F79EFBC}") = "TestAccessSpecifiers", "TestAccessSpecifier\TestAccessSpecifiers.csproj", "{44E6A730-2593-43E9-9E6E-7909B42292B0}"
EndProject
Project("{FAE04EC0-301F-11D3-BF4B-00C04F79EFBC}") = "OverloadingHidingAndOverriding", "OverloadingHidingAndOverriding\OverloadingHidingAndOverriding.csproj", "{0AE943D3-2531-48E6-B730-24908036FEAD}"
EndProject
Project("{FAE04EC0-301F-11D3-BF4B-00C04F79EFBC}") = "InterfaceExample1", "InterfaceExample1\InterfaceExample1.csproj", "{CEF6102C-1A15-44F7-8185-8D72B7A5B1FB}"
EndProject
Project("{FAE04EC0-301F-11D3-BF4B-00C04F79EFBC}") = "InheritanceExample1", "InheritanceExample1\InheritanceExample1.csproj", "{FF937325-2CFE-43FE-8980-298BAF7A10A0}"
EndProject
Project("{FAE04EC0-301F-11D3-BF4B-00C04F79EFBC}") = "ConstructorsInInheritance", "ConstructorsInInheritance\ConstructorsInInheritance.csproj", "{5DD4DE28-869A-41E8-A1C1-7CDC0241BAD0}"
EndProject
Project("{FAE04EC0-301F-11D3-BF4B-00C04F79EFBC}") = "AbstractClasses", "AbstractClasses\AbstractClasses.csproj", "{6495BF33-1D52-434A-A884-DFDE8CBDD4CF}"
EndProject
Global
	GlobalSection(SolutionConfigurationPlatforms) = preSolution
		Debug|Any CPU = Debug|Any CPU
		Release|Any CPU = Release|Any CPU
	EndGlobalSection
	GlobalSection(ProjectConfigurationPlatforms) = postSolution
		{71DF0963-787B-460C-8F05-1A3814CD7405}.Debug|Any CPU.ActiveCfg = Debug|Any CPU
		{71DF0963-787B-460C-8F05-1A3814CD7405}.Debug|Any CPU.Build.0 = Debug|Any CPU
		{71DF0963-787B-460C-8F05-1A3814CD7405}.Release|Any CPU.ActiveCfg = Release|Any CPU
		{71DF0963-787B-460C-8F05-1A3814CD7405}.Release|Any CPU.Build.0 = Release|Any CPU
		{0C8D6692-F635-4704-9916-33FD1E59BC5B}.Debug|Any CPU.ActiveCfg = Debug|Any CPU
		{0C8D6692-F635-4704-9916-33FD1E59BC5B}.Debug|Any CPU.Build.0 = Debug|Any CPU
		{0C8D6692-F635-4704-9916-33FD1E59BC5B}.Release|Any CPU.ActiveCfg = Release|Any CPU
		{0C8D6692-F635-4704-9916-33FD1E59BC5B}.Release|Any CPU.Build.0 = Release|Any CPU
		{F896FF9E-5545-44CB-8CBE-698DCDEC6007}.Debug|Any CPU.ActiveCfg = Debug|Any CPU
		{F896FF9E-5545-44CB-8CBE-698DCDEC6007}.Debug|Any CPU.Build.0 = Debug|Any CPU
		{F896FF9E-5545-44CB-8CBE-698DCDEC6007}.Release|Any CPU.ActiveCfg = Release|Any CPU
		{F896FF9E-5545-44CB-8CBE-698DCDEC6007}.Release|Any CPU.Build.0 = Release|Any CPU
		{4F9E3BD8-F7F3-4B51-BD41-87A4BC15A462}.Debug|Any CPU.ActiveCfg = Debug|Any CPU
		{4F9E3BD8-F7F3-4B51-BD41-87A4BC15A462}.Debug|Any CPU.Build.0 = Debug|Any CPU
		{4F9E3BD8-F7F3-4B51-BD41-87A4BC15A462}.Release|Any CPU.ActiveCfg = Release|Any CPU
		{4F9E3BD8-F7F3-4B51-BD41-87A4BC15A462}.Release|Any CPU.Build.0 = Release|Any CPU
		{44E6A730-2593-43E9-9E6E-7909B42292B0}.Debug|Any CPU.ActiveCfg = Debug|Any CPU
		{44E6A730-2593-43E9-9E6E-7909B42292B0}.Debug|Any CPU.Build.0 = Debug|Any CPU
		{44E6A730-2593-43E9-9E6E-7909B42292B0}.Release|Any CPU.ActiveCfg = Release|Any CPU
		{44E6A730-2593-43E9-9E6E-7909B42292B0}.Release|Any CPU.Build.0 = Release|Any CPU
		{0AE943D3-2531-48E6-B730-24908036FEAD}.Debug|Any CPU.ActiveCfg = Debug|Any CPU
		{0AE943D3-2531-48E6-B730-24908036FEAD}.Debug|Any CPU.Build.0 = Debug|Any CPU
		{0AE943D3-2531-48E6-B730-24908036FEAD}.Release|Any CPU.ActiveCfg = Release|Any CPU
		{0AE943D3-2531-48E6-B730-24908036FEAD}.Release|Any CPU.Build.0 = Release|Any CPU
		{CEF6102C-1A15-44F7-8185-8D72B7A5B1FB}.Debug|Any CPU.ActiveCfg = Debug|Any CPU
		{CEF6102C-1A15-44F7-8185-8D72B7A5B1FB}.Debug|Any CPU.Build.0 = Debug|Any CPU
		{CEF6102C-1A15-44F7-8185-8D72B7A5B1FB}.Release|Any CPU.ActiveCfg = Release|Any CPU
		{CEF6102C-1A15-44F7-8185-8D72B7A5B1FB}.Release|Any CPU.Build.0 = Release|Any CPU
		{FF937325-2CFE-43FE-8980-298BAF7A10A0}.Debug|Any CPU.ActiveCfg = Debug|Any CPU
		{FF937325-2CFE-43FE-8980-298BAF7A10A0}.Debug|Any CPU.Build.0 = Debug|Any CPU
		{FF937325-2CFE-43FE-8980-298BAF7A10A0}.Release|Any CPU.ActiveCfg = Release|Any CPU
		{FF937325-2CFE-43FE-8980-298BAF7A10A0}.Release|Any CPU.Build.0 = Release|Any CPU
		{5DD4DE28-869A-41E8-A1C1-7CDC0241BAD0}.Debug|Any CPU.ActiveCfg = Debug|Any CPU
		{5DD4DE28-869A-41E8-A1C1-7CDC0241BAD0}.Debug|Any CPU.Build.0 = Debug|Any CPU
		{5DD4DE28-869A-41E8-A1C1-7CDC0241BAD0}.Release|Any CPU.ActiveCfg = Release|Any CPU
		{5DD4DE28-869A-41E8-A1C1-7CDC0241BAD0}.Release|Any CPU.Build.0 = Release|Any CPU
		{6495BF33-1D52-434A-A884-DFDE8CBDD4CF}.Debug|Any CPU.ActiveCfg = Debug|Any CPU
		{6495BF33-1D52-434A-A884-DFDE8CBDD4CF}.Debug|Any CPU.Build.0 = Debug|Any CPU
		{6495BF33-1D52-434A-A884-DFDE8CBDD4CF}.Release|Any CPU.ActiveCfg = Release|Any CPU
		{6495BF33-1D52-434A-A884-DFDE8CBDD4CF}.Release|Any CPU.Build.0 = Release|Any CPU
	EndGlobalSection
	GlobalSection(SolutionProperties) = preSolution
		HideSolutionNode = FALSE
	EndGlobalSection
	GlobalSection(ExtensibilityGlobals) = postSolution
		SolutionGuid = {7B56FC77-93EF-4236-9DF3-7952FE5A0427}
	EndGlobalSection
EndGlobal
